
Microsoft Visual Studio Solution File, Format Version 12.00
# Visual Studio Version 16
VisualStudioVersion = 16.0.30523.141
MinimumVisualStudioVersion = 10.0.40219.1
Project("{FAE04EC0-301F-11D3-BF4B-00C04F79EFBC}") = "ConsoleApp1", "ConsoleApp1\ConsoleApp1.csproj", "{03CD6389-D1EB-45C2-AA78-EA1983AD110D}"
EndProject
Global
	GlobalSection(SolutionConfigurationPlatforms) = preSolution
		Debug|Any CPU = Debug|Any CPU
		Release|Any CPU = Release|Any CPU
	EndGlobalSection
	GlobalSection(ProjectConfigurationPlatforms) = postSolution
		{03CD6389-D1EB-45C2-AA78-EA1983AD110D}.Debug|Any CPU.ActiveCfg = Debug|Any CPU
		{03CD6389-D1EB-45C2-AA78-EA1983AD110D}.Debug|Any CPU.Build.0 = Debug|Any CPU
		{03CD6389-D1EB-45C2-AA78-EA1983AD110D}.Release|Any CPU.ActiveCfg = Release|Any CPU
		{03CD6389-D1EB-45C2-AA78-EA1983AD110D}.Release|Any CPU.Build.0 = Release|Any CPU
	EndGlobalSection
	GlobalSection(SolutionProperties) = preSolution
		HideSolutionNode = FALSE
	EndGlobalSection
	GlobalSection(ExtensibilityGlobals) = postSolution
		SolutionGuid = {C35A26D7-07ED-4F78-9E8E-8E981856FBC0}
	EndGlobalSection
EndGlobal
